// !$*UTF8*$!
{
	archiveVersion = 1;
	classes = {
	};
	objectVersion = 55;
	objects = {

/* Begin PBXBuildFile section */
		3C49A31B2854D85D00FE98FE /* AsyncOperation.swift in Sources */ = {isa = PBXBuildFile; fileRef = 3C49A31A2854D85D00FE98FE /* AsyncOperation.swift */; };
		3CBA70D028522828007DE026 /* AppDelegate.swift in Sources */ = {isa = PBXBuildFile; fileRef = 3CBA70CF28522828007DE026 /* AppDelegate.swift */; };
		3CBA70D228522828007DE026 /* SceneDelegate.swift in Sources */ = {isa = PBXBuildFile; fileRef = 3CBA70D128522828007DE026 /* SceneDelegate.swift */; };
		3CBA70D728522828007DE026 /* Main.storyboard in Resources */ = {isa = PBXBuildFile; fileRef = 3CBA70D528522828007DE026 /* Main.storyboard */; };
		3CBA70D92852282B007DE026 /* Assets.xcassets in Resources */ = {isa = PBXBuildFile; fileRef = 3CBA70D82852282B007DE026 /* Assets.xcassets */; };
		3CBA70DC2852282B007DE026 /* LaunchScreen.storyboard in Resources */ = {isa = PBXBuildFile; fileRef = 3CBA70DA2852282B007DE026 /* LaunchScreen.storyboard */; };
		3CBA70E4285230A1007DE026 /* TiltShiftExampleViewController.swift in Sources */ = {isa = PBXBuildFile; fileRef = 3CBA70E3285230A1007DE026 /* TiltShiftExampleViewController.swift */; };
		3CBA70E628523204007DE026 /* TiltShiftFilter.swift in Sources */ = {isa = PBXBuildFile; fileRef = 3CBA70E528523204007DE026 /* TiltShiftFilter.swift */; };
		3CBA70E828523735007DE026 /* PhotoCell.swift in Sources */ = {isa = PBXBuildFile; fileRef = 3CBA70E728523735007DE026 /* PhotoCell.swift */; };
		3CBA70EA285237D0007DE026 /* TiltShiftTableViewController.swift in Sources */ = {isa = PBXBuildFile; fileRef = 3CBA70E9285237D0007DE026 /* TiltShiftTableViewController.swift */; };
		3CBA70EC28523AE4007DE026 /* Photos.plist in Resources */ = {isa = PBXBuildFile; fileRef = 3CBA70EB28523AE4007DE026 /* Photos.plist */; };
		3CCF0B902858977300BCC655 /* NetworkImageOperation.swift in Sources */ = {isa = PBXBuildFile; fileRef = 3CCF0B8F2858977300BCC655 /* NetworkImageOperation.swift */; };
/* End PBXBuildFile section */

/* Begin PBXFileReference section */
		3C49A31A2854D85D00FE98FE /* AsyncOperation.swift */ = {isa = PBXFileReference; lastKnownFileType = sourcecode.swift; path = AsyncOperation.swift; sourceTree = "<group>"; };
		3CBA70CC28522828007DE026 /* Concurrency.app */ = {isa = PBXFileReference; explicitFileType = wrapper.application; includeInIndex = 0; path = Concurrency.app; sourceTree = BUILT_PRODUCTS_DIR; };
		3CBA70CF28522828007DE026 /* AppDelegate.swift */ = {isa = PBXFileReference; lastKnownFileType = sourcecode.swift; path = AppDelegate.swift; sourceTree = "<group>"; };
		3CBA70D128522828007DE026 /* SceneDelegate.swift */ = {isa = PBXFileReference; lastKnownFileType = sourcecode.swift; path = SceneDelegate.swift; sourceTree = "<group>"; };
		3CBA70D628522828007DE026 /* Base */ = {isa = PBXFileReference; lastKnownFileType = file.storyboard; name = Base; path = Base.lproj/Main.storyboard; sourceTree = "<group>"; };
		3CBA70D82852282B007DE026 /* Assets.xcassets */ = {isa = PBXFileReference; lastKnownFileType = folder.assetcatalog; path = Assets.xcassets; sourceTree = "<group>"; };
		3CBA70DB2852282B007DE026 /* Base */ = {isa = PBXFileReference; lastKnownFileType = file.storyboard; name = Base; path = Base.lproj/LaunchScreen.storyboard; sourceTree = "<group>"; };
		3CBA70DD2852282B007DE026 /* Info.plist */ = {isa = PBXFileReference; lastKnownFileType = text.plist.xml; path = Info.plist; sourceTree = "<group>"; };
		3CBA70E3285230A1007DE026 /* TiltShiftExampleViewController.swift */ = {isa = PBXFileReference; lastKnownFileType = sourcecode.swift; path = TiltShiftExampleViewController.swift; sourceTree = "<group>"; };
		3CBA70E528523204007DE026 /* TiltShiftFilter.swift */ = {isa = PBXFileReference; fileEncoding = 4; lastKnownFileType = sourcecode.swift; path = TiltShiftFilter.swift; sourceTree = "<group>"; };
		3CBA70E728523735007DE026 /* PhotoCell.swift */ = {isa = PBXFileReference; lastKnownFileType = sourcecode.swift; path = PhotoCell.swift; sourceTree = "<group>"; };
		3CBA70E9285237D0007DE026 /* TiltShiftTableViewController.swift */ = {isa = PBXFileReference; lastKnownFileType = sourcecode.swift; path = TiltShiftTableViewController.swift; sourceTree = "<group>"; };
		3CBA70EB28523AE4007DE026 /* Photos.plist */ = {isa = PBXFileReference; fileEncoding = 4; lastKnownFileType = text.plist.xml; path = Photos.plist; sourceTree = "<group>"; };
		3CCF0B8F2858977300BCC655 /* NetworkImageOperation.swift */ = {isa = PBXFileReference; lastKnownFileType = sourcecode.swift; path = NetworkImageOperation.swift; sourceTree = "<group>"; };
/* End PBXFileReference section */

/* Begin PBXFrameworksBuildPhase section */
		3CBA70C928522828007DE026 /* Frameworks */ = {
			isa = PBXFrameworksBuildPhase;
			buildActionMask = 2147483647;
			files = (
			);
			runOnlyForDeploymentPostprocessing = 0;
		};
/* End PBXFrameworksBuildPhase section */

/* Begin PBXGroup section */
		3CBA70C328522828007DE026 = {
			isa = PBXGroup;
			children = (
				3CBA70CE28522828007DE026 /* Concurrency */,
				3CBA70CD28522828007DE026 /* Products */,
			);
			sourceTree = "<group>";
		};
		3CBA70CD28522828007DE026 /* Products */ = {
			isa = PBXGroup;
			children = (
				3CBA70CC28522828007DE026 /* Concurrency.app */,
			);
			name = Products;
			sourceTree = "<group>";
		};
		3CBA70CE28522828007DE026 /* Concurrency */ = {
			isa = PBXGroup;
			children = (
				3CBA70CF28522828007DE026 /* AppDelegate.swift */,
				3CBA70D128522828007DE026 /* SceneDelegate.swift */,
				3CBA70E3285230A1007DE026 /* TiltShiftExampleViewController.swift */,
				3CBA70E9285237D0007DE026 /* TiltShiftTableViewController.swift */,
				3CBA70E728523735007DE026 /* PhotoCell.swift */,
				3C49A31A2854D85D00FE98FE /* AsyncOperation.swift */,
				3CCF0B8F2858977300BCC655 /* NetworkImageOperation.swift */,
				3CBA70E528523204007DE026 /* TiltShiftFilter.swift */,
				3CBA70D528522828007DE026 /* Main.storyboard */,
				3CBA70D82852282B007DE026 /* Assets.xcassets */,
				3CBA70DA2852282B007DE026 /* LaunchScreen.storyboard */,
				3CBA70DD2852282B007DE026 /* Info.plist */,
				3CBA70EB28523AE4007DE026 /* Photos.plist */,
			);
			path = Concurrency;
			sourceTree = "<group>";
		};
/* End PBXGroup section */

/* Begin PBXNativeTarget section */
		3CBA70CB28522828007DE026 /* Concurrency */ = {
			isa = PBXNativeTarget;
			buildConfigurationList = 3CBA70E02852282B007DE026 /* Build configuration list for PBXNativeTarget "Concurrency" */;
			buildPhases = (
				3CBA70C828522828007DE026 /* Sources */,
				3CBA70C928522828007DE026 /* Frameworks */,
				3CBA70CA28522828007DE026 /* Resources */,
			);
			buildRules = (
			);
			dependencies = (
			);
			name = Concurrency;
			productName = Concurrency;
			productReference = 3CBA70CC28522828007DE026 /* Concurrency.app */;
			productType = "com.apple.product-type.application";
		};
/* End PBXNativeTarget section */

/* Begin PBXProject section */
		3CBA70C428522828007DE026 /* Project object */ = {
			isa = PBXProject;
			attributes = {
				BuildIndependentTargetsInParallel = 1;
				LastSwiftUpdateCheck = 1340;
				LastUpgradeCheck = 1340;
				TargetAttributes = {
					3CBA70CB28522828007DE026 = {
						CreatedOnToolsVersion = 13.4.1;
					};
				};
			};
			buildConfigurationList = 3CBA70C728522828007DE026 /* Build configuration list for PBXProject "Concurrency" */;
			compatibilityVersion = "Xcode 13.0";
			developmentRegion = en;
			hasScannedForEncodings = 0;
			knownRegions = (
				en,
				Base,
			);
			mainGroup = 3CBA70C328522828007DE026;
			productRefGroup = 3CBA70CD28522828007DE026 /* Products */;
			projectDirPath = "";
			projectRoot = "";
			targets = (
				3CBA70CB28522828007DE026 /* Concurrency */,
			);
		};
/* End PBXProject section */

/* Begin PBXResourcesBuildPhase section */
		3CBA70CA28522828007DE026 /* Resources */ = {
			isa = PBXResourcesBuildPhase;
			buildActionMask = 2147483647;
			files = (
				3CBA70DC2852282B007DE026 /* LaunchScreen.storyboard in Resources */,
				3CBA70D92852282B007DE026 /* Assets.xcassets in Resources */,
				3CBA70D728522828007DE026 /* Main.storyboard in Resources */,
				3CBA70EC28523AE4007DE026 /* Photos.plist in Resources */,
			);
			runOnlyForDeploymentPostprocessing = 0;
		};
/* End PBXResourcesBuildPhase section */

/* Begin PBXSourcesBuildPhase section */
		3CBA70C828522828007DE026 /* Sources */ = {
			isa = PBXSourcesBuildPhase;
			buildActionMask = 2147483647;
			files = (
				3CBA70E4285230A1007DE026 /* TiltShiftExampleViewController.swift in Sources */,
				3CBA70EA285237D0007DE026 /* TiltShiftTableViewController.swift in Sources */,
				3CCF0B902858977300BCC655 /* NetworkImageOperation.swift in Sources */,
				3CBA70E828523735007DE026 /* PhotoCell.swift in Sources */,
				3CBA70E628523204007DE026 /* TiltShiftFilter.swift in Sources */,
				3CBA70D028522828007DE026 /* AppDelegate.swift in Sources */,
				3CBA70D228522828007DE026 /* SceneDelegate.swift in Sources */,
				3C49A31B2854D85D00FE98FE /* AsyncOperation.swift in Sources */,
			);
			runOnlyForDeploymentPostprocessing = 0;
		};
/* End PBXSourcesBuildPhase section */

/* Begin PBXVariantGroup section */
		3CBA70D528522828007DE026 /* Main.storyboard */ = {
			isa = PBXVariantGroup;
			children = (
				3CBA70D628522828007DE026 /* Base */,
			);
			name = Main.storyboard;
			sourceTree = "<group>";
		};
		3CBA70DA2852282B007DE026 /* LaunchScreen.storyboard */ = {
			isa = PBXVariantGroup;
			children = (
				3CBA70DB2852282B007DE026 /* Base */,
			);
			name = LaunchScreen.storyboard;
			sourceTree = "<group>";
		};
/* End PBXVariantGroup section */

/* Begin XCBuildConfiguration section */
		3CBA70DE2852282B007DE026 /* Debug */ = {
			isa = XCBuildConfiguration;
			buildSettings = {
				ALWAYS_SEARCH_USER_PATHS = NO;
				CLANG_ANALYZER_NONNULL = YES;
				CLANG_ANALYZER_NUMBER_OBJECT_CONVERSION = YES_AGGRESSIVE;
				CLANG_CXX_LANGUAGE_STANDARD = "gnu++17";
				CLANG_ENABLE_MODULES = YES;
				CLANG_ENABLE_OBJC_ARC = YES;
				CLANG_ENABLE_OBJC_WEAK = YES;
				CLANG_WARN_BLOCK_CAPTURE_AUTORELEASING = YES;
				CLANG_WARN_BOOL_CONVERSION = YES;
				CLANG_WARN_COMMA = YES;
				CLANG_WARN_CONSTANT_CONVERSION = YES;
				CLANG_WARN_DEPRECATED_OBJC_IMPLEMENTATIONS = YES;
				CLANG_WARN_DIRECT_OBJC_ISA_USAGE = YES_ERROR;
				CLANG_WARN_DOCUMENTATION_COMMENTS = YES;
				CLANG_WARN_EMPTY_BODY = YES;
				CLANG_WARN_ENUM_CONVERSION = YES;
				CLANG_WARN_INFINITE_RECURSION = YES;
				CLANG_WARN_INT_CONVERSION = YES;
				CLANG_WARN_NON_LITERAL_NULL_CONVERSION = YES;
				CLANG_WARN_OBJC_IMPLICIT_RETAIN_SELF = YES;
				CLANG_WARN_OBJC_LITERAL_CONVERSION = YES;
				CLANG_WARN_OBJC_ROOT_CLASS = YES_ERROR;
				CLANG_WARN_QUOTED_INCLUDE_IN_FRAMEWORK_HEADER = YES;
				CLANG_WARN_RANGE_LOOP_ANALYSIS = YES;
				CLANG_WARN_STRICT_PROTOTYPES = YES;
				CLANG_WARN_SUSPICIOUS_MOVE = YES;
				CLANG_WARN_UNGUARDED_AVAILABILITY = YES_AGGRESSIVE;
				CLANG_WARN_UNREACHABLE_CODE = YES;
				CLANG_WARN__DUPLICATE_METHOD_MATCH = YES;
				COPY_PHASE_STRIP = NO;
				DEBUG_INFORMATION_FORMAT = dwarf;
				ENABLE_STRICT_OBJC_MSGSEND = YES;
				ENABLE_TESTABILITY = YES;
				GCC_C_LANGUAGE_STANDARD = gnu11;
				GCC_DYNAMIC_NO_PIC = NO;
				GCC_NO_COMMON_BLOCKS = YES;
				GCC_OPTIMIZATION_LEVEL = 0;
				GCC_PREPROCESSOR_DEFINITIONS = (
					"DEBUG=1",
					"$(inherited)",
				);
				GCC_WARN_64_TO_32_BIT_CONVERSION = YES;
				GCC_WARN_ABOUT_RETURN_TYPE = YES_ERROR;
				GCC_WARN_UNDECLARED_SELECTOR = YES;
				GCC_WARN_UNINITIALIZED_AUTOS = YES_AGGRESSIVE;
				GCC_WARN_UNUSED_FUNCTION = YES;
				GCC_WARN_UNUSED_VARIABLE = YES;
				IPHONEOS_DEPLOYMENT_TARGET = 15.5;
				MTL_ENABLE_DEBUG_INFO = INCLUDE_SOURCE;
				MTL_FAST_MATH = YES;
				ONLY_ACTIVE_ARCH = YES;
				SDKROOT = iphoneos;
				SWIFT_ACTIVE_COMPILATION_CONDITIONS = DEBUG;
				SWIFT_OPTIMIZATION_LEVEL = "-Onone";
			};
			name = Debug;
		};
		3CBA70DF2852282B007DE026 /* Release */ = {
			isa = XCBuildConfiguration;
			buildSettings = {
				ALWAYS_SEARCH_USER_PATHS = NO;
				CLANG_ANALYZER_NONNULL = YES;
				CLANG_ANALYZER_NUMBER_OBJECT_CONVERSION = YES_AGGRESSIVE;
				CLANG_CXX_LANGUAGE_STANDARD = "gnu++17";
				CLANG_ENABLE_MODULES = YES;
				CLANG_ENABLE_OBJC_ARC = YES;
				CLANG_ENABLE_OBJC_WEAK = YES;
				CLANG_WARN_BLOCK_CAPTURE_AUTORELEASING = YES;
				CLANG_WARN_BOOL_CONVERSION = YES;
				CLANG_WARN_COMMA = YES;
				CLANG_WARN_CONSTANT_CONVERSION = YES;
				CLANG_WARN_DEPRECATED_OBJC_IMPLEMENTATIONS = YES;
				CLANG_WARN_DIRECT_OBJC_ISA_USAGE = YES_ERROR;
				CLANG_WARN_DOCUMENTATION_COMMENTS = YES;
				CLANG_WARN_EMPTY_BODY = YES;
				CLANG_WARN_ENUM_CONVERSION = YES;
				CLANG_WARN_INFINITE_RECURSION = YES;
				CLANG_WARN_INT_CONVERSION = YES;
				CLANG_WARN_NON_LITERAL_NULL_CONVERSION = YES;
				CLANG_WARN_OBJC_IMPLICIT_RETAIN_SELF = YES;
				CLANG_WARN_OBJC_LITERAL_CONVERSION = YES;
				CLANG_WARN_OBJC_ROOT_CLASS = YES_ERROR;
				CLANG_WARN_QUOTED_INCLUDE_IN_FRAMEWORK_HEADER = YES;
				CLANG_WARN_RANGE_LOOP_ANALYSIS = YES;
				CLANG_WARN_STRICT_PROTOTYPES = YES;
				CLANG_WARN_SUSPICIOUS_MOVE = YES;
				CLANG_WARN_UNGUARDED_AVAILABILITY = YES_AGGRESSIVE;
				CLANG_WARN_UNREACHABLE_CODE = YES;
				CLANG_WARN__DUPLICATE_METHOD_MATCH = YES;
				COPY_PHASE_STRIP = NO;
				DEBUG_INFORMATION_FORMAT = "dwarf-with-dsym";
				ENABLE_NS_ASSERTIONS = NO;
				ENABLE_STRICT_OBJC_MSGSEND = YES;
				GCC_C_LANGUAGE_STANDARD = gnu11;
				GCC_NO_COMMON_BLOCKS = YES;
				GCC_WARN_64_TO_32_BIT_CONVERSION = YES;
				GCC_WARN_ABOUT_RETURN_TYPE = YES_ERROR;
				GCC_WARN_UNDECLARED_SELECTOR = YES;
				GCC_WARN_UNINITIALIZED_AUTOS = YES_AGGRESSIVE;
				GCC_WARN_UNUSED_FUNCTION = YES;
				GCC_WARN_UNUSED_VARIABLE = YES;
				IPHONEOS_DEPLOYMENT_TARGET = 15.5;
				MTL_ENABLE_DEBUG_INFO = NO;
				MTL_FAST_MATH = YES;
				SDKROOT = iphoneos;
				SWIFT_COMPILATION_MODE = wholemodule;
				SWIFT_OPTIMIZATION_LEVEL = "-O";
				VALIDATE_PRODUCT = YES;
			};
			name = Release;
		};
		3CBA70E12852282B007DE026 /* Debug */ = {
			isa = XCBuildConfiguration;
			buildSettings = {
				ASSETCATALOG_COMPILER_APPICON_NAME = AppIcon;
				ASSETCATALOG_COMPILER_GLOBAL_ACCENT_COLOR_NAME = AccentColor;
				CODE_SIGN_STYLE = Automatic;
				CURRENT_PROJECT_VERSION = 1;
				DEVELOPMENT_TEAM = 8U849676MP;
				GENERATE_INFOPLIST_FILE = YES;
				INFOPLIST_FILE = Concurrency/Info.plist;
				INFOPLIST_KEY_UIApplicationSupportsIndirectInputEvents = YES;
				INFOPLIST_KEY_UILaunchStoryboardName = LaunchScreen;
				INFOPLIST_KEY_UIMainStoryboardFile = Main;
				INFOPLIST_KEY_UISupportedInterfaceOrientations_iPad = "UIInterfaceOrientationPortrait UIInterfaceOrientationPortraitUpsideDown UIInterfaceOrientationLandscapeLeft UIInterfaceOrientationLandscapeRight";
				INFOPLIST_KEY_UISupportedInterfaceOrientations_iPhone = "UIInterfaceOrientationPortrait UIInterfaceOrientationLandscapeLeft UIInterfaceOrientationLandscapeRight";
				LD_RUNPATH_SEARCH_PATHS = (
					"$(inherited)",
					"@executable_path/Frameworks",
				);
				MARKETING_VERSION = 1.0;
				PRODUCT_BUNDLE_IDENTIFIER = com.volodymyroniuk.Concurrency;
				PRODUCT_NAME = "$(TARGET_NAME)";
				SWIFT_EMIT_LOC_STRINGS = YES;
				SWIFT_VERSION = 5.0;
				TARGETED_DEVICE_FAMILY = "1,2";
			};
			name = Debug;
		};
		3CBA70E22852282B007DE026 /* Release */ = {
			isa = XCBuildConfiguration;
			buildSettings = {
				ASSETCATALOG_COMPILER_APPICON_NAME = AppIcon;
				ASSETCATALOG_COMPILER_GLOBAL_ACCENT_COLOR_NAME = AccentColor;
				CODE_SIGN_STYLE = Automatic;
				CURRENT_PROJECT_VERSION = 1;
				DEVELOPMENT_TEAM = 8U849676MP;
				GENERATE_INFOPLIST_FILE = YES;
				INFOPLIST_FILE = Concurrency/Info.plist;
				INFOPLIST_KEY_UIApplicationSupportsIndirectInputEvents = YES;
				INFOPLIST_KEY_UILaunchStoryboardName = LaunchScreen;
				INFOPLIST_KEY_UIMainStoryboardFile = Main;
				INFOPLIST_KEY_UISupportedInterfaceOrientations_iPad = "UIInterfaceOrientationPortrait UIInterfaceOrientationPortraitUpsideDown UIInterfaceOrientationLandscapeLeft UIInterfaceOrientationLandscapeRight";
				INFOPLIST_KEY_UISupportedInterfaceOrientations_iPhone = "UIInterfaceOrientationPortrait UIInterfaceOrientationLandscapeLeft UIInterfaceOrientationLandscapeRight";
				LD_RUNPATH_SEARCH_PATHS = (
					"$(inherited)",
					"@executable_path/Frameworks",
				);
				MARKETING_VERSION = 1.0;
				PRODUCT_BUNDLE_IDENTIFIER = com.volodymyroniuk.Concurrency;
				PRODUCT_NAME = "$(TARGET_NAME)";
				SWIFT_EMIT_LOC_STRINGS = YES;
				SWIFT_VERSION = 5.0;
				TARGETED_DEVICE_FAMILY = "1,2";
			};
			name = Release;
		};
/* End XCBuildConfiguration section */

/* Begin XCConfigurationList section */
		3CBA70C728522828007DE026 /* Build configuration list for PBXProject "Concurrency" */ = {
			isa = XCConfigurationList;
			buildConfigurations = (
				3CBA70DE2852282B007DE026 /* Debug */,
				3CBA70DF2852282B007DE026 /* Release */,
			);
			defaultConfigurationIsVisible = 0;
			defaultConfigurationName = Release;
		};
		3CBA70E02852282B007DE026 /* Build configuration list for PBXNativeTarget "Concurrency" */ = {
			isa = XCConfigurationList;
			buildConfigurations = (
				3CBA70E12852282B007DE026 /* Debug */,
				3CBA70E22852282B007DE026 /* Release */,
			);
			defaultConfigurationIsVisible = 0;
			defaultConfigurationName = Release;
		};
/* End XCConfigurationList section */
	};
	rootObject = 3CBA70C428522828007DE026 /* Project object */;
}
